
Microsoft Visual Studio Solution File, Format Version 12.00
# Visual Studio Version 17
VisualStudioVersion = 17.5.002.0
MinimumVisualStudioVersion = 10.0.40219.1
Project("{9A19103F-16F7-4668-BE54-9A1E7A4F7556}") = "OrganizationService", "OrganizationService\OrganizationService.csproj", "{D6F30B6C-E4D3-4B03-8F6D-376B798F7EB2}"
EndProject
Project("{9A19103F-16F7-4668-BE54-9A1E7A4F7556}") = "UserService", "UserService\UserService.csproj", "{8F0CA7A1-F758-41FB-89BA-B087D98CEC77}"
EndProject
Project("{9A19103F-16F7-4668-BE54-9A1E7A4F7556}") = "ApiGateway", "ApiGateway\ApiGateway.csproj", "{E66E77D7-7631-4D4F-9A6C-3321ACA6E396}"
EndProject
Global
	GlobalSection(SolutionConfigurationPlatforms) = preSolution
		Debug|Any CPU = Debug|Any CPU
		Release|Any CPU = Release|Any CPU
	EndGlobalSection
	GlobalSection(ProjectConfigurationPlatforms) = postSolution
		{D6F30B6C-E4D3-4B03-8F6D-376B798F7EB2}.Debug|Any CPU.ActiveCfg = Debug|Any CPU
		{D6F30B6C-E4D3-4B03-8F6D-376B798F7EB2}.Debug|Any CPU.Build.0 = Debug|Any CPU
		{D6F30B6C-E4D3-4B03-8F6D-376B798F7EB2}.Release|Any CPU.ActiveCfg = Release|Any CPU
		{D6F30B6C-E4D3-4B03-8F6D-376B798F7EB2}.Release|Any CPU.Build.0 = Release|Any CPU
		{8F0CA7A1-F758-41FB-89BA-B087D98CEC77}.Debug|Any CPU.ActiveCfg = Debug|Any CPU
		{8F0CA7A1-F758-41FB-89BA-B087D98CEC77}.Debug|Any CPU.Build.0 = Debug|Any CPU
		{8F0CA7A1-F758-41FB-89BA-B087D98CEC77}.Release|Any CPU.ActiveCfg = Release|Any CPU
		{8F0CA7A1-F758-41FB-89BA-B087D98CEC77}.Release|Any CPU.Build.0 = Release|Any CPU
		{E66E77D7-7631-4D4F-9A6C-3321ACA6E396}.Debug|Any CPU.ActiveCfg = Debug|Any CPU
		{E66E77D7-7631-4D4F-9A6C-3321ACA6E396}.Debug|Any CPU.Build.0 = Debug|Any CPU
		{E66E77D7-7631-4D4F-9A6C-3321ACA6E396}.Release|Any CPU.ActiveCfg = Release|Any CPU
		{E66E77D7-7631-4D4F-9A6C-3321ACA6E396}.Release|Any CPU.Build.0 = Release|Any CPU
	EndGlobalSection
	GlobalSection(SolutionProperties) = preSolution
		HideSolutionNode = FALSE
	EndGlobalSection
	GlobalSection(ExtensibilityGlobals) = postSolution
		SolutionGuid = {106DBFCA-24EB-4A96-BFBF-B0736274E6CB}
	EndGlobalSection
EndGlobal
